// !$*UTF8*$!
{
	archiveVersion = 1;
	classes = {
	};
	objectVersion = 46;
	objects = {

/* Begin PBXBuildFile section */
		EBE46ED31B212B3C00664EE0 /* AppDelegate.swift in Sources */ = {isa = PBXBuildFile; fileRef = EBE46ED21B212B3C00664EE0 /* AppDelegate.swift */; };
		EBE46ED51B212B3C00664EE0 /* GameScene.sks in Resources */ = {isa = PBXBuildFile; fileRef = EBE46ED41B212B3C00664EE0 /* GameScene.sks */; };
		EBE46ED71B212B3C00664EE0 /* GameScene.swift in Sources */ = {isa = PBXBuildFile; fileRef = EBE46ED61B212B3C00664EE0 /* GameScene.swift */; };
		EBE46ED91B212B3C00664EE0 /* GameViewController.swift in Sources */ = {isa = PBXBuildFile; fileRef = EBE46ED81B212B3C00664EE0 /* GameViewController.swift */; };
		EBE46EDC1B212B3C00664EE0 /* Main.storyboard in Resources */ = {isa = PBXBuildFile; fileRef = EBE46EDA1B212B3C00664EE0 /* Main.storyboard */; };
		EBE46EDE1B212B3C00664EE0 /* Images.xcassets in Resources */ = {isa = PBXBuildFile; fileRef = EBE46EDD1B212B3C00664EE0 /* Images.xcassets */; };
		EBE46EE11B212B3C00664EE0 /* LaunchScreen.xib in Resources */ = {isa = PBXBuildFile; fileRef = EBE46EDF1B212B3C00664EE0 /* LaunchScreen.xib */; };
		EBE46EED1B212B3C00664EE0 /* SecondMojimaniaTests.swift in Sources */ = {isa = PBXBuildFile; fileRef = EBE46EEC1B212B3C00664EE0 /* SecondMojimaniaTests.swift */; };
		EBE46EF71B2142CE00664EE0 /* theme.mp3 in Resources */ = {isa = PBXBuildFile; fileRef = EBE46EF61B2142CE00664EE0 /* theme.mp3 */; };
		EBE46EF91B21450D00664EE0 /* AVFoundation.framework in Frameworks */ = {isa = PBXBuildFile; fileRef = EBE46EF81B21450D00664EE0 /* AVFoundation.framework */; };
		EBE46EFD1B224DE500664EE0 /* Emoji.swift in Sources */ = {isa = PBXBuildFile; fileRef = EBE46EFC1B224DE500664EE0 /* Emoji.swift */; };
/* End PBXBuildFile section */

/* Begin PBXContainerItemProxy section */
		EBE46EE71B212B3C00664EE0 /* PBXContainerItemProxy */ = {
			isa = PBXContainerItemProxy;
			containerPortal = EBE46EC51B212B3C00664EE0 /* Project object */;
			proxyType = 1;
			remoteGlobalIDString = EBE46ECC1B212B3C00664EE0;
			remoteInfo = SecondMojimania;
		};
/* End PBXContainerItemProxy section */

/* Begin PBXFileReference section */
		EBE46ECD1B212B3C00664EE0 /* SecondMojimania.app */ = {isa = PBXFileReference; explicitFileType = wrapper.application; includeInIndex = 0; path = SecondMojimania.app; sourceTree = BUILT_PRODUCTS_DIR; };
		EBE46ED11B212B3C00664EE0 /* Info.plist */ = {isa = PBXFileReference; lastKnownFileType = text.plist.xml; path = Info.plist; sourceTree = "<group>"; };
		EBE46ED21B212B3C00664EE0 /* AppDelegate.swift */ = {isa = PBXFileReference; lastKnownFileType = sourcecode.swift; path = AppDelegate.swift; sourceTree = "<group>"; };
		EBE46ED41B212B3C00664EE0 /* GameScene.sks */ = {isa = PBXFileReference; lastKnownFileType = file.sks; path = GameScene.sks; sourceTree = "<group>"; };
		EBE46ED61B212B3C00664EE0 /* GameScene.swift */ = {isa = PBXFileReference; lastKnownFileType = sourcecode.swift; path = GameScene.swift; sourceTree = "<group>"; };
		EBE46ED81B212B3C00664EE0 /* GameViewController.swift */ = {isa = PBXFileReference; lastKnownFileType = sourcecode.swift; path = GameViewController.swift; sourceTree = "<group>"; };
		EBE46EDB1B212B3C00664EE0 /* Base */ = {isa = PBXFileReference; lastKnownFileType = file.storyboard; name = Base; path = Base.lproj/Main.storyboard; sourceTree = "<group>"; };
		EBE46EDD1B212B3C00664EE0 /* Images.xcassets */ = {isa = PBXFileReference; lastKnownFileType = folder.assetcatalog; path = Images.xcassets; sourceTree = "<group>"; };
		EBE46EE01B212B3C00664EE0 /* Base */ = {isa = PBXFileReference; lastKnownFileType = file.xib; name = Base; path = Base.lproj/LaunchScreen.xib; sourceTree = "<group>"; };
		EBE46EE61B212B3C00664EE0 /* SecondMojimaniaTests.xctest */ = {isa = PBXFileReference; explicitFileType = wrapper.cfbundle; includeInIndex = 0; path = SecondMojimaniaTests.xctest; sourceTree = BUILT_PRODUCTS_DIR; };
		EBE46EEB1B212B3C00664EE0 /* Info.plist */ = {isa = PBXFileReference; lastKnownFileType = text.plist.xml; path = Info.plist; sourceTree = "<group>"; };
		EBE46EEC1B212B3C00664EE0 /* SecondMojimaniaTests.swift */ = {isa = PBXFileReference; lastKnownFileType = sourcecode.swift; path = SecondMojimaniaTests.swift; sourceTree = "<group>"; };
		EBE46EF61B2142CE00664EE0 /* theme.mp3 */ = {isa = PBXFileReference; lastKnownFileType = audio.mp3; path = theme.mp3; sourceTree = "<group>"; };
		EBE46EF81B21450D00664EE0 /* AVFoundation.framework */ = {isa = PBXFileReference; lastKnownFileType = wrapper.framework; name = AVFoundation.framework; path = System/Library/Frameworks/AVFoundation.framework; sourceTree = SDKROOT; };
		EBE46EFC1B224DE500664EE0 /* Emoji.swift */ = {isa = PBXFileReference; fileEncoding = 4; lastKnownFileType = sourcecode.swift; path = Emoji.swift; sourceTree = "<group>"; };
/* End PBXFileReference section */

/* Begin PBXFrameworksBuildPhase section */
		EBE46ECA1B212B3C00664EE0 /* Frameworks */ = {
			isa = PBXFrameworksBuildPhase;
			buildActionMask = 2147483647;
			files = (
				EBE46EF91B21450D00664EE0 /* AVFoundation.framework in Frameworks */,
			);
			runOnlyForDeploymentPostprocessing = 0;
		};
		EBE46EE31B212B3C00664EE0 /* Frameworks */ = {
			isa = PBXFrameworksBuildPhase;
			buildActionMask = 2147483647;
			files = (
			);
			runOnlyForDeploymentPostprocessing = 0;
		};
/* End PBXFrameworksBuildPhase section */

/* Begin PBXGroup section */
		EBE46EC41B212B3C00664EE0 = {
			isa = PBXGroup;
			children = (
				EBE46ECF1B212B3C00664EE0 /* SecondMojimania */,
				EBE46EE91B212B3C00664EE0 /* SecondMojimaniaTests */,
				EBE46ECE1B212B3C00664EE0 /* Products */,
			);
			sourceTree = "<group>";
		};
		EBE46ECE1B212B3C00664EE0 /* Products */ = {
			isa = PBXGroup;
			children = (
				EBE46ECD1B212B3C00664EE0 /* SecondMojimania.app */,
				EBE46EE61B212B3C00664EE0 /* SecondMojimaniaTests.xctest */,
			);
			name = Products;
			sourceTree = "<group>";
		};
		EBE46ECF1B212B3C00664EE0 /* SecondMojimania */ = {
			isa = PBXGroup;
			children = (
				EBE46EF81B21450D00664EE0 /* AVFoundation.framework */,
				EBE46ED21B212B3C00664EE0 /* AppDelegate.swift */,
				EBE46ED41B212B3C00664EE0 /* GameScene.sks */,
				EBE46ED61B212B3C00664EE0 /* GameScene.swift */,
				EBE46EFC1B224DE500664EE0 /* Emoji.swift */,
				EBE46ED81B212B3C00664EE0 /* GameViewController.swift */,
				EBE46EDA1B212B3C00664EE0 /* Main.storyboard */,
				EBE46EDD1B212B3C00664EE0 /* Images.xcassets */,
				EBE46EDF1B212B3C00664EE0 /* LaunchScreen.xib */,
				EBE46ED01B212B3C00664EE0 /* Supporting Files */,
			);
			path = SecondMojimania;
			sourceTree = "<group>";
		};
		EBE46ED01B212B3C00664EE0 /* Supporting Files */ = {
			isa = PBXGroup;
			children = (
				EBE46EF61B2142CE00664EE0 /* theme.mp3 */,
				EBE46ED11B212B3C00664EE0 /* Info.plist */,
			);
			name = "Supporting Files";
			sourceTree = "<group>";
		};
		EBE46EE91B212B3C00664EE0 /* SecondMojimaniaTests */ = {
			isa = PBXGroup;
			children = (
				EBE46EEC1B212B3C00664EE0 /* SecondMojimaniaTests.swift */,
				EBE46EEA1B212B3C00664EE0 /* Supporting Files */,
			);
			path = SecondMojimaniaTests;
			sourceTree = "<group>";
		};
		EBE46EEA1B212B3C00664EE0 /* Supporting Files */ = {
			isa = PBXGroup;
			children = (
				EBE46EEB1B212B3C00664EE0 /* Info.plist */,
			);
			name = "Supporting Files";
			sourceTree = "<group>";
		};
/* End PBXGroup section */

/* Begin PBXNativeTarget section */
		EBE46ECC1B212B3C00664EE0 /* SecondMojimania */ = {
			isa = PBXNativeTarget;
			buildConfigurationList = EBE46EF01B212B3C00664EE0 /* Build configuration list for PBXNativeTarget "SecondMojimania" */;
			buildPhases = (
				EBE46EC91B212B3C00664EE0 /* Sources */,
				EBE46ECA1B212B3C00664EE0 /* Frameworks */,
				EBE46ECB1B212B3C00664EE0 /* Resources */,
			);
			buildRules = (
			);
			dependencies = (
			);
			name = SecondMojimania;
			productName = SecondMojimania;
			productReference = EBE46ECD1B212B3C00664EE0 /* SecondMojimania.app */;
			productType = "com.apple.product-type.application";
		};
		EBE46EE51B212B3C00664EE0 /* SecondMojimaniaTests */ = {
			isa = PBXNativeTarget;
			buildConfigurationList = EBE46EF31B212B3C00664EE0 /* Build configuration list for PBXNativeTarget "SecondMojimaniaTests" */;
			buildPhases = (
				EBE46EE21B212B3C00664EE0 /* Sources */,
				EBE46EE31B212B3C00664EE0 /* Frameworks */,
				EBE46EE41B212B3C00664EE0 /* Resources */,
			);
			buildRules = (
			);
			dependencies = (
				EBE46EE81B212B3C00664EE0 /* PBXTargetDependency */,
			);
			name = SecondMojimaniaTests;
			productName = SecondMojimaniaTests;
			productReference = EBE46EE61B212B3C00664EE0 /* SecondMojimaniaTests.xctest */;
			productType = "com.apple.product-type.bundle.unit-test";
		};
/* End PBXNativeTarget section */

/* Begin PBXProject section */
		EBE46EC51B212B3C00664EE0 /* Project object */ = {
			isa = PBXProject;
			attributes = {
				LastUpgradeCheck = 0630;
				ORGANIZATIONNAME = "Turk Enterprises";
				TargetAttributes = {
					EBE46ECC1B212B3C00664EE0 = {
						CreatedOnToolsVersion = 6.3.2;
					};
					EBE46EE51B212B3C00664EE0 = {
						CreatedOnToolsVersion = 6.3.2;
						TestTargetID = EBE46ECC1B212B3C00664EE0;
					};
				};
			};
			buildConfigurationList = EBE46EC81B212B3C00664EE0 /* Build configuration list for PBXProject "SecondMojimania" */;
			compatibilityVersion = "Xcode 3.2";
			developmentRegion = English;
			hasScannedForEncodings = 0;
			knownRegions = (
				en,
				Base,
			);
			mainGroup = EBE46EC41B212B3C00664EE0;
			productRefGroup = EBE46ECE1B212B3C00664EE0 /* Products */;
			projectDirPath = "";
			projectRoot = "";
			targets = (
				EBE46ECC1B212B3C00664EE0 /* SecondMojimania */,
				EBE46EE51B212B3C00664EE0 /* SecondMojimaniaTests */,
			);
		};
/* End PBXProject section */

/* Begin PBXResourcesBuildPhase section */
		EBE46ECB1B212B3C00664EE0 /* Resources */ = {
			isa = PBXResourcesBuildPhase;
			buildActionMask = 2147483647;
			files = (
				EBE46EE11B212B3C00664EE0 /* LaunchScreen.xib in Resources */,
				EBE46EDE1B212B3C00664EE0 /* Images.xcassets in Resources */,
				EBE46ED51B212B3C00664EE0 /* GameScene.sks in Resources */,
				EBE46EDC1B212B3C00664EE0 /* Main.storyboard in Resources */,
				EBE46EF71B2142CE00664EE0 /* theme.mp3 in Resources */,
			);
			runOnlyForDeploymentPostprocessing = 0;
		};
		EBE46EE41B212B3C00664EE0 /* Resources */ = {
			isa = PBXResourcesBuildPhase;
			buildActionMask = 2147483647;
			files = (
			);
			runOnlyForDeploymentPostprocessing = 0;
		};
/* End PBXResourcesBuildPhase section */

/* Begin PBXSourcesBuildPhase section */
		EBE46EC91B212B3C00664EE0 /* Sources */ = {
			isa = PBXSourcesBuildPhase;
			buildActionMask = 2147483647;
			files = (
				EBE46ED71B212B3C00664EE0 /* GameScene.swift in Sources */,
				EBE46ED91B212B3C00664EE0 /* GameViewController.swift in Sources */,
				EBE46EFD1B224DE500664EE0 /* Emoji.swift in Sources */,
				EBE46ED31B212B3C00664EE0 /* AppDelegate.swift in Sources */,
			);
			runOnlyForDeploymentPostprocessing = 0;
		};
		EBE46EE21B212B3C00664EE0 /* Sources */ = {
			isa = PBXSourcesBuildPhase;
			buildActionMask = 2147483647;
			files = (
				EBE46EED1B212B3C00664EE0 /* SecondMojimaniaTests.swift in Sources */,
			);
			runOnlyForDeploymentPostprocessing = 0;
		};
/* End PBXSourcesBuildPhase section */

/* Begin PBXTargetDependency section */
		EBE46EE81B212B3C00664EE0 /* PBXTargetDependency */ = {
			isa = PBXTargetDependency;
			target = EBE46ECC1B212B3C00664EE0 /* SecondMojimania */;
			targetProxy = EBE46EE71B212B3C00664EE0 /* PBXContainerItemProxy */;
		};
/* End PBXTargetDependency section */

/* Begin PBXVariantGroup section */
		EBE46EDA1B212B3C00664EE0 /* Main.storyboard */ = {
			isa = PBXVariantGroup;
			children = (
				EBE46EDB1B212B3C00664EE0 /* Base */,
			);
			name = Main.storyboard;
			sourceTree = "<group>";
		};
		EBE46EDF1B212B3C00664EE0 /* LaunchScreen.xib */ = {
			isa = PBXVariantGroup;
			children = (
				EBE46EE01B212B3C00664EE0 /* Base */,
			);
			name = LaunchScreen.xib;
			sourceTree = "<group>";
		};
/* End PBXVariantGroup section */

/* Begin XCBuildConfiguration section */
		EBE46EEE1B212B3C00664EE0 /* Debug */ = {
			isa = XCBuildConfiguration;
			buildSettings = {
				ALWAYS_SEARCH_USER_PATHS = NO;
				CLANG_CXX_LANGUAGE_STANDARD = "gnu++0x";
				CLANG_CXX_LIBRARY = "libc++";
				CLANG_ENABLE_MODULES = YES;
				CLANG_ENABLE_OBJC_ARC = YES;
				CLANG_WARN_BOOL_CONVERSION = YES;
				CLANG_WARN_CONSTANT_CONVERSION = YES;
				CLANG_WARN_DIRECT_OBJC_ISA_USAGE = YES_ERROR;
				CLANG_WARN_EMPTY_BODY = YES;
				CLANG_WARN_ENUM_CONVERSION = YES;
				CLANG_WARN_INT_CONVERSION = YES;
				CLANG_WARN_OBJC_ROOT_CLASS = YES_ERROR;
				CLANG_WARN_UNREACHABLE_CODE = YES;
				CLANG_WARN__DUPLICATE_METHOD_MATCH = YES;
				"CODE_SIGN_IDENTITY[sdk=iphoneos*]" = "iPhone Developer";
				COPY_PHASE_STRIP = NO;
				DEBUG_INFORMATION_FORMAT = "dwarf-with-dsym";
				ENABLE_STRICT_OBJC_MSGSEND = YES;
				GCC_C_LANGUAGE_STANDARD = gnu99;
				GCC_DYNAMIC_NO_PIC = NO;
				GCC_NO_COMMON_BLOCKS = YES;
				GCC_OPTIMIZATION_LEVEL = 0;
				GCC_PREPROCESSOR_DEFINITIONS = (
					"DEBUG=1",
					"$(inherited)",
				);
				GCC_SYMBOLS_PRIVATE_EXTERN = NO;
				GCC_WARN_64_TO_32_BIT_CONVERSION = YES;
				GCC_WARN_ABOUT_RETURN_TYPE = YES_ERROR;
				GCC_WARN_UNDECLARED_SELECTOR = YES;
				GCC_WARN_UNINITIALIZED_AUTOS = YES_AGGRESSIVE;
				GCC_WARN_UNUSED_FUNCTION = YES;
				GCC_WARN_UNUSED_VARIABLE = YES;
				IPHONEOS_DEPLOYMENT_TARGET = 8.3;
				MTL_ENABLE_DEBUG_INFO = YES;
				ONLY_ACTIVE_ARCH = YES;
				SDKROOT = iphoneos;
				SWIFT_OPTIMIZATION_LEVEL = "-Onone";
				TARGETED_DEVICE_FAMILY = "1,2";
			};
			name = Debug;
		};
		EBE46EEF1B212B3C00664EE0 /* Release */ = {
			isa = XCBuildConfiguration;
			buildSettings = {
				ALWAYS_SEARCH_USER_PATHS = NO;
				CLANG_CXX_LANGUAGE_STANDARD = "gnu++0x";
				CLANG_CXX_LIBRARY = "libc++";
				CLANG_ENABLE_MODULES = YES;
				CLANG_ENABLE_OBJC_ARC = YES;
				CLANG_WARN_BOOL_CONVERSION = YES;
				CLANG_WARN_CONSTANT_CONVERSION = YES;
				CLANG_WARN_DIRECT_OBJC_ISA_USAGE = YES_ERROR;
				CLANG_WARN_EMPTY_BODY = YES;
				CLANG_WARN_ENUM_CONVERSION = YES;
				CLANG_WARN_INT_CONVERSION = YES;
				CLANG_WARN_OBJC_ROOT_CLASS = YES_ERROR;
				CLANG_WARN_UNREACHABLE_CODE = YES;
				CLANG_WARN__DUPLICATE_METHOD_MATCH = YES;
				"CODE_SIGN_IDENTITY[sdk=iphoneos*]" = "iPhone Developer";
				COPY_PHASE_STRIP = NO;
				DEBUG_INFORMATION_FORMAT = "dwarf-with-dsym";
				ENABLE_NS_ASSERTIONS = NO;
				ENABLE_STRICT_OBJC_MSGSEND = YES;
				GCC_C_LANGUAGE_STANDARD = gnu99;
				GCC_NO_COMMON_BLOCKS = YES;
				GCC_WARN_64_TO_32_BIT_CONVERSION = YES;
				GCC_WARN_ABOUT_RETURN_TYPE = YES_ERROR;
				GCC_WARN_UNDECLARED_SELECTOR = YES;
				GCC_WARN_UNINITIALIZED_AUTOS = YES_AGGRESSIVE;
				GCC_WARN_UNUSED_FUNCTION = YES;
				GCC_WARN_UNUSED_VARIABLE = YES;
				IPHONEOS_DEPLOYMENT_TARGET = 8.3;
				MTL_ENABLE_DEBUG_INFO = NO;
				SDKROOT = iphoneos;
				TARGETED_DEVICE_FAMILY = "1,2";
				VALIDATE_PRODUCT = YES;
			};
			name = Release;
		};
		EBE46EF11B212B3C00664EE0 /* Debug */ = {
			isa = XCBuildConfiguration;
			buildSettings = {
				ASSETCATALOG_COMPILER_APPICON_NAME = AppIcon;
				INFOPLIST_FILE = SecondMojimania/Info.plist;
				LD_RUNPATH_SEARCH_PATHS = "$(inherited) @executable_path/Frameworks";
				PRODUCT_NAME = "$(TARGET_NAME)";
			};
			name = Debug;
		};
		EBE46EF21B212B3C00664EE0 /* Release */ = {
			isa = XCBuildConfiguration;
			buildSettings = {
				ASSETCATALOG_COMPILER_APPICON_NAME = AppIcon;
				INFOPLIST_FILE = SecondMojimania/Info.plist;
				LD_RUNPATH_SEARCH_PATHS = "$(inherited) @executable_path/Frameworks";
				PRODUCT_NAME = "$(TARGET_NAME)";
			};
			name = Release;
		};
		EBE46EF41B212B3C00664EE0 /* Debug */ = {
			isa = XCBuildConfiguration;
			buildSettings = {
				BUNDLE_LOADER = "$(TEST_HOST)";
				FRAMEWORK_SEARCH_PATHS = (
					"$(SDKROOT)/Developer/Library/Frameworks",
					"$(inherited)",
				);
				GCC_PREPROCESSOR_DEFINITIONS = (
					"DEBUG=1",
					"$(inherited)",
				);
				INFOPLIST_FILE = SecondMojimaniaTests/Info.plist;
				LD_RUNPATH_SEARCH_PATHS = "$(inherited) @executable_path/Frameworks @loader_path/Frameworks";
				PRODUCT_NAME = "$(TARGET_NAME)";
				TEST_HOST = "$(BUILT_PRODUCTS_DIR)/SecondMojimania.app/SecondMojimania";
			};
			name = Debug;
		};
		EBE46EF51B212B3C00664EE0 /* Release */ = {
			isa = XCBuildConfiguration;
			buildSettings = {
				BUNDLE_LOADER = "$(TEST_HOST)";
				FRAMEWORK_SEARCH_PATHS = (
					"$(SDKROOT)/Developer/Library/Frameworks",
					"$(inherited)",
				);
				INFOPLIST_FILE = SecondMojimaniaTests/Info.plist;
				LD_RUNPATH_SEARCH_PATHS = "$(inherited) @executable_path/Frameworks @loader_path/Frameworks";
				PRODUCT_NAME = "$(TARGET_NAME)";
				TEST_HOST = "$(BUILT_PRODUCTS_DIR)/SecondMojimania.app/SecondMojimania";
			};
			name = Release;
		};
/* End XCBuildConfiguration section */

/* Begin XCConfigurationList section */
		EBE46EC81B212B3C00664EE0 /* Build configuration list for PBXProject "SecondMojimania" */ = {
			isa = XCConfigurationList;
			buildConfigurations = (
				EBE46EEE1B212B3C00664EE0 /* Debug */,
				EBE46EEF1B212B3C00664EE0 /* Release */,
			);
			defaultConfigurationIsVisible = 0;
			defaultConfigurationName = Release;
		};
		EBE46EF01B212B3C00664EE0 /* Build configuration list for PBXNativeTarget "SecondMojimania" */ = {
			isa = XCConfigurationList;
			buildConfigurations = (
				EBE46EF11B212B3C00664EE0 /* Debug */,
				EBE46EF21B212B3C00664EE0 /* Release */,
			);
			defaultConfigurationIsVisible = 0;
		};
		EBE46EF31B212B3C00664EE0 /* Build configuration list for PBXNativeTarget "SecondMojimaniaTests" */ = {
			isa = XCConfigurationList;
			buildConfigurations = (
				EBE46EF41B212B3C00664EE0 /* Debug */,
				EBE46EF51B212B3C00664EE0 /* Release */,
			);
			defaultConfigurationIsVisible = 0;
		};
/* End XCConfigurationList section */
	};
	rootObject = EBE46EC51B212B3C00664EE0 /* Project object */;
}
